
Microsoft Visual Studio Solution File, Format Version 12.00
# Visual Studio Version 17
VisualStudioVersion = 17.11.35208.52
MinimumVisualStudioVersion = 10.0.40219.1
Project("{9A19103F-16F7-4668-BE54-9A1E7A4F7556}") = "ISim", "ISim\ISim.csproj", "{81FCC2FF-85CD-4BEE-9900-158DB7F9E2AF}"
EndProject
Project("{9A19103F-16F7-4668-BE54-9A1E7A4F7556}") = "ISim.Android", "ISim.Android\ISim.Android.csproj", "{50EEE3AA-2FF9-45EE-ADCE-DCAF5EE0FD6F}"
EndProject
Project("{9A19103F-16F7-4668-BE54-9A1E7A4F7556}") = "ISim.Browser", "ISim.Browser\ISim.Browser.csproj", "{6FB422F8-021A-40D7-93F3-B58947032A18}"
EndProject
Project("{9A19103F-16F7-4668-BE54-9A1E7A4F7556}") = "ISim.Desktop", "ISim.Desktop\ISim.Desktop.csproj", "{09408AD2-2365-4789-9508-87FDB434B1D1}"
EndProject
Project("{9A19103F-16F7-4668-BE54-9A1E7A4F7556}") = "ISim.iOS", "ISim.iOS\ISim.iOS.csproj", "{8AA456ED-398E-4C67-B2DF-D3D87E8BBA2E}"
EndProject
Project("{FAE04EC0-301F-11D3-BF4B-00C04F79EFBC}") = "InBuiltComponents", "InBuiltComponents\InBuiltComponents.csproj", "{C125129D-B59D-49DA-97A7-EC84887D3880}"
EndProject
Global
	GlobalSection(SolutionConfigurationPlatforms) = preSolution
		Debug|Any CPU = Debug|Any CPU
		Release|Any CPU = Release|Any CPU
	EndGlobalSection
	GlobalSection(ProjectConfigurationPlatforms) = postSolution
		{81FCC2FF-85CD-4BEE-9900-158DB7F9E2AF}.Debug|Any CPU.ActiveCfg = Debug|Any CPU
		{81FCC2FF-85CD-4BEE-9900-158DB7F9E2AF}.Debug|Any CPU.Build.0 = Debug|Any CPU
		{81FCC2FF-85CD-4BEE-9900-158DB7F9E2AF}.Release|Any CPU.ActiveCfg = Release|Any CPU
		{81FCC2FF-85CD-4BEE-9900-158DB7F9E2AF}.Release|Any CPU.Build.0 = Release|Any CPU
		{50EEE3AA-2FF9-45EE-ADCE-DCAF5EE0FD6F}.Debug|Any CPU.ActiveCfg = Debug|Any CPU
		{50EEE3AA-2FF9-45EE-ADCE-DCAF5EE0FD6F}.Debug|Any CPU.Build.0 = Debug|Any CPU
		{50EEE3AA-2FF9-45EE-ADCE-DCAF5EE0FD6F}.Debug|Any CPU.Deploy.0 = Debug|Any CPU
		{50EEE3AA-2FF9-45EE-ADCE-DCAF5EE0FD6F}.Release|Any CPU.ActiveCfg = Release|Any CPU
		{50EEE3AA-2FF9-45EE-ADCE-DCAF5EE0FD6F}.Release|Any CPU.Build.0 = Release|Any CPU
		{50EEE3AA-2FF9-45EE-ADCE-DCAF5EE0FD6F}.Release|Any CPU.Deploy.0 = Release|Any CPU
		{6FB422F8-021A-40D7-93F3-B58947032A18}.Debug|Any CPU.ActiveCfg = Debug|Any CPU
		{6FB422F8-021A-40D7-93F3-B58947032A18}.Debug|Any CPU.Build.0 = Debug|Any CPU
		{6FB422F8-021A-40D7-93F3-B58947032A18}.Release|Any CPU.ActiveCfg = Release|Any CPU
		{6FB422F8-021A-40D7-93F3-B58947032A18}.Release|Any CPU.Build.0 = Release|Any CPU
		{09408AD2-2365-4789-9508-87FDB434B1D1}.Debug|Any CPU.ActiveCfg = Debug|Any CPU
		{09408AD2-2365-4789-9508-87FDB434B1D1}.Debug|Any CPU.Build.0 = Debug|Any CPU
		{09408AD2-2365-4789-9508-87FDB434B1D1}.Release|Any CPU.ActiveCfg = Release|Any CPU
		{09408AD2-2365-4789-9508-87FDB434B1D1}.Release|Any CPU.Build.0 = Release|Any CPU
		{8AA456ED-398E-4C67-B2DF-D3D87E8BBA2E}.Debug|Any CPU.ActiveCfg = Debug|Any CPU
		{8AA456ED-398E-4C67-B2DF-D3D87E8BBA2E}.Debug|Any CPU.Build.0 = Debug|Any CPU
		{8AA456ED-398E-4C67-B2DF-D3D87E8BBA2E}.Debug|Any CPU.Deploy.0 = Debug|Any CPU
		{8AA456ED-398E-4C67-B2DF-D3D87E8BBA2E}.Release|Any CPU.ActiveCfg = Release|Any CPU
		{8AA456ED-398E-4C67-B2DF-D3D87E8BBA2E}.Release|Any CPU.Build.0 = Release|Any CPU
		{8AA456ED-398E-4C67-B2DF-D3D87E8BBA2E}.Release|Any CPU.Deploy.0 = Release|Any CPU
		{C125129D-B59D-49DA-97A7-EC84887D3880}.Debug|Any CPU.ActiveCfg = Debug|Any CPU
		{C125129D-B59D-49DA-97A7-EC84887D3880}.Debug|Any CPU.Build.0 = Debug|Any CPU
		{C125129D-B59D-49DA-97A7-EC84887D3880}.Release|Any CPU.ActiveCfg = Release|Any CPU
		{C125129D-B59D-49DA-97A7-EC84887D3880}.Release|Any CPU.Build.0 = Release|Any CPU
	EndGlobalSection
	GlobalSection(SolutionProperties) = preSolution
		HideSolutionNode = FALSE
	EndGlobalSection
	GlobalSection(ExtensibilityGlobals) = postSolution
		SolutionGuid = {57780CA1-CBAD-4A9A-8392-BF913BB313AD}
	EndGlobalSection
EndGlobal
